
Microsoft Visual Studio Solution File, Format Version 12.00
# Visual Studio Version 17
VisualStudioVersion = 17.1.32414.318
MinimumVisualStudioVersion = 10.0.40219.1
Project("{FAE04EC0-301F-11D3-BF4B-00C04F79EFBC}") = "GenesisAddressBook", "GenesisAddressBook\GenesisAddressBook.csproj", "{1A556F1B-FEAF-48BB-80A0-7C91B70FB09A}"
EndProject
Global
	GlobalSection(SolutionConfigurationPlatforms) = preSolution
		Debug|Any CPU = Debug|Any CPU
		Release|Any CPU = Release|Any CPU
	EndGlobalSection
	GlobalSection(ProjectConfigurationPlatforms) = postSolution
		{1A556F1B-FEAF-48BB-80A0-7C91B70FB09A}.Debug|Any CPU.ActiveCfg = Debug|Any CPU
		{1A556F1B-FEAF-48BB-80A0-7C91B70FB09A}.Debug|Any CPU.Build.0 = Debug|Any CPU
		{1A556F1B-FEAF-48BB-80A0-7C91B70FB09A}.Release|Any CPU.ActiveCfg = Release|Any CPU
		{1A556F1B-FEAF-48BB-80A0-7C91B70FB09A}.Release|Any CPU.Build.0 = Release|Any CPU
	EndGlobalSection
	GlobalSection(SolutionProperties) = preSolution
		HideSolutionNode = FALSE
	EndGlobalSection
	GlobalSection(ExtensibilityGlobals) = postSolution
		SolutionGuid = {E8CECCA4-1F9D-4BF7-95A7-E4049832D68F}
	EndGlobalSection
EndGlobal
